# This file is automatically @generated by Cargo.
# It is not intended for manual editing.
[[package]]
name = "autocfg"
version = "0.1.7"
source = "registry+https://github.com/rust-lang/crates.io-index"

[[package]]
name = "byteorder"
version = "1.3.2"
source = "registry+https://github.com/rust-lang/crates.io-index"

[[package]]
name = "cbitset"
version = "0.2.0"
source = "registry+https://github.com/rust-lang/crates.io-index"
dependencies = [
 "num-traits 0.2.10 (registry+https://github.com/rust-lang/crates.io-index)",
]

[[package]]
name = "docparse"
version = "0.1.0"
dependencies = [
 "rnix 0.7.1 (registry+https://github.com/rust-lang/crates.io-index)",
]

[[package]]
name = "num-traits"
version = "0.2.10"
source = "registry+https://github.com/rust-lang/crates.io-index"
dependencies = [
 "autocfg 0.1.7 (registry+https://github.com/rust-lang/crates.io-index)",
]

[[package]]
name = "rnix"
version = "0.7.1"
source = "registry+https://github.com/rust-lang/crates.io-index"
dependencies = [
 "cbitset 0.2.0 (registry+https://github.com/rust-lang/crates.io-index)",
 "rowan 0.6.3 (registry+https://github.com/rust-lang/crates.io-index)",
]

[[package]]
name = "rowan"
version = "0.6.3"
source = "registry+https://github.com/rust-lang/crates.io-index"
dependencies = [
 "rustc-hash 1.0.1 (registry+https://github.com/rust-lang/crates.io-index)",
 "smol_str 0.1.15 (registry+https://github.com/rust-lang/crates.io-index)",
 "text_unit 0.1.9 (registry+https://github.com/rust-lang/crates.io-index)",
]

[[package]]
name = "rustc-hash"
version = "1.0.1"
source = "registry+https://github.com/rust-lang/crates.io-index"
dependencies = [
 "byteorder 1.3.2 (registry+https://github.com/rust-lang/crates.io-index)",
]

[[package]]
name = "smol_str"
version = "0.1.15"
source = "registry+https://github.com/rust-lang/crates.io-index"

[[package]]
name = "text_unit"
version = "0.1.9"
source = "registry+https://github.com/rust-lang/crates.io-index"

[metadata]
"checksum autocfg 0.1.7 (registry+https://github.com/rust-lang/crates.io-index)" = "1d49d90015b3c36167a20fe2810c5cd875ad504b39cff3d4eae7977e6b7c1cb2"
"checksum byteorder 1.3.2 (registry+https://github.com/rust-lang/crates.io-index)" = "a7c3dd8985a7111efc5c80b44e23ecdd8c007de8ade3b96595387e812b957cf5"
"checksum cbitset 0.2.0 (registry+https://github.com/rust-lang/crates.io-index)" = "29b6ad25ae296159fb0da12b970b2fe179b234584d7cd294c891e2bbb284466b"
"checksum num-traits 0.2.10 (registry+https://github.com/rust-lang/crates.io-index)" = "d4c81ffc11c212fa327657cb19dd85eb7419e163b5b076bede2bdb5c974c07e4"
"checksum rnix 0.7.1 (registry+https://github.com/rust-lang/crates.io-index)" = "ab1d6816b24e552bd47a4bed172dff60c67ca7a0b073211e6d3799298d30002c"
"checksum rowan 0.6.3 (registry+https://github.com/rust-lang/crates.io-index)" = "fc3a6fb2a35518af7cab43ec4e21ca82eb086a8b3bb1739e426dc3923d459607"
"checksum rustc-hash 1.0.1 (registry+https://github.com/rust-lang/crates.io-index)" = "7540fc8b0c49f096ee9c961cda096467dce8084bec6bdca2fc83895fd9b28cb8"
"checksum smol_str 0.1.15 (registry+https://github.com/rust-lang/crates.io-index)" = "34836c9a295c62c2ce3514471117c5cb269891e8421b2aafdd910050576c4d8b"
"checksum text_unit 0.1.9 (registry+https://github.com/rust-lang/crates.io-index)" = "e08bbcb7a3adbda0eb23431206b653bdad3d8dea311e72d36bf2215e27a42579"
