# This file is automatically @generated by Cargo.
# It is not intended for manual editing.
version = 3

[[package]]
name = "app"
version = "0.1.0"
dependencies = [
 "dep-a",
 "dep-b",
 "dep-c",
]

[[package]]
name = "dep-a"
version = "0.1.0"
source = "git+https://github.com/nmattia/naersk-fixtures?branch=git-single-repository-with-multiple-crates#0f3830ac71a4c5ddaaeaeb6bbec3398c0388fafa"

[[package]]
name = "dep-b"
version = "0.1.0"
source = "git+https://github.com/nmattia/naersk-fixtures?branch=git-single-repository-with-multiple-crates#0f3830ac71a4c5ddaaeaeb6bbec3398c0388fafa"

[[package]]
name = "dep-c"
version = "0.1.0"
source = "git+https://github.com/nmattia/naersk-fixtures?branch=git-single-repository-with-multiple-crates#0f3830ac71a4c5ddaaeaeb6bbec3398c0388fafa"
