{
  "nodes": {
    "flake-utils": {
      "locked": {
        "lastModified": 1618217525,
        "narHash": "sha256-WGrhVczjXTiswQaoxQ+0PTfbLNeOQM6M36zvLn78AYg=",
        "owner": "numtide",
        "repo": "flake-utils",
        "rev": "c6169a2772643c4a93a0b5ac1c61e296cba68544",
        "type": "github"
      },
      "original": {
        "owner": "numtide",
        "repo": "flake-utils",
        "type": "github"
      }
    },
    "naersk": {
      "inputs": {
        "nixpkgs": "nixpkgs"
      },
      "locked": {
        "lastModified": 1618068541,
        "narHash": "sha256-enxg0QB53Zis0VJWfJsrX7zCjurpi7lW78EKXbJdzpQ=",
        "owner": "nmattia",
        "repo": "naersk",
        "rev": "b3b099d669fc8b18d361c249091c9fe95d57ebbb",
        "type": "github"
      },
      "original": {
        "owner": "nmattia",
        "repo": "naersk",
        "type": "github"
      }
    },
    "nixpkgs": {
      "locked": {
        "lastModified": 1616527350,
        "narHash": "sha256-VkMevY2WLU+K7T/P4wVj18Ms8zyeRfp05ILf556m5Y8=",
        "path": "/nix/store/9p64rfhziavzvg45z4gidba52vqbqmgj-source",
        "rev": "d3f7e969b9860fb80750147aeb56dab1c730e756",
        "type": "path"
      },
      "original": {
        "id": "nixpkgs",
        "type": "indirect"
      }
    },
    "nixpkgs_2": {
      "locked": {
        "lastModified": 1616527350,
        "narHash": "sha256-VkMevY2WLU+K7T/P4wVj18Ms8zyeRfp05ILf556m5Y8=",
        "path": "/nix/store/9p64rfhziavzvg45z4gidba52vqbqmgj-source",
        "rev": "d3f7e969b9860fb80750147aeb56dab1c730e756",
        "type": "path"
      },
      "original": {
        "id": "nixpkgs",
        "type": "indirect"
      }
    },
    "root": {
      "inputs": {
        "flake-utils": "flake-utils",
        "naersk": "naersk",
        "nixpkgs": "nixpkgs_2"
      }
    }
  },
  "root": "root",
  "version": 7
}
