# This file is automatically @generated by Cargo.
# It is not intended for manual editing.
version = 3

[[package]]
name = "app"
version = "0.1.0"
dependencies = [
 "dep",
]

[[package]]
name = "dep"
version = "0.1.0"
source = "git+https://github.com/nmattia/naersk-fixtures?branch=git-symlink#5594f722b8e5bc5116901d6e9af9cf4360e903df"
