# This file is automatically @generated by Cargo.
# It is not intended for manual editing.
version = 4

[[package]]
name = "app"
version = "0.1.0"
dependencies = [
 "dep",
]

[[package]]
name = "dep"
version = "0.1.0"
source = "git+https://github.com/nmattia/naersk-fixtures?branch=with%2Fslash#5873040d43624da948d59a1e62088c6cdd29c41d"
