# This file is automatically @generated by Cargo.
# It is not intended for manual editing.
version = 3

[[package]]
name = "app"
version = "0.1.0"
dependencies = [
 "rand_core 0.6.1",
 "rand_core 0.6.2",
]

[[package]]
name = "rand_core"
version = "0.6.1"
source = "git+https://github.com/rust-random/rand.git?rev=bda997404d9ab8a89d590734d8b0bb72aed10758#bda997404d9ab8a89d590734d8b0bb72aed10758"

[[package]]
name = "rand_core"
version = "0.6.2"
source = "registry+https://github.com/rust-lang/crates.io-index"
checksum = "34cf66eb183df1c5876e2dcf6b13d57340741e8dc255b48e40a26de954d06ae7"
