# This file is automatically @generated by Cargo.
# It is not intended for manual editing.
version = 3

[[package]]
name = "app"
version = "0.1.0"
dependencies = [
 "rand_core 0.6.1",
 "rand_core 0.6.4",
]

[[package]]
name = "rand_core"
version = "0.6.1"
source = "git+https://github.com/rust-random/rand.git?rev=bda997404d9ab8a89d590734d8b0bb72aed10758#bda997404d9ab8a89d590734d8b0bb72aed10758"

[[package]]
name = "rand_core"
version = "0.6.1"
source = "registry+https://github.com/rust-lang/crates.io-index"
checksum = "c026d7df8b298d90ccbbc5190bd04d85e159eaf5576caeacf8741da93ccbd2e5"
