# This file is automatically @generated by Cargo.
# It is not intended for manual editing.
[[package]]
name = "c2-chacha"
version = "0.2.3"
source = "registry+https://github.com/rust-lang/crates.io-index"
dependencies = [
 "ppv-lite86 0.2.6 (registry+https://github.com/rust-lang/crates.io-index)",
]

[[package]]
name = "cfg-if"
version = "0.1.10"
source = "registry+https://github.com/rust-lang/crates.io-index"

[[package]]
name = "crate-a"
version = "0.1.0"
dependencies = [
 "rand 0.7.0-pre.1 (git+https://github.com/rust-random/rand?rev=703452450770d4b2bb0b117dfc83aea5ba61ec60)",
]

[[package]]
name = "crate-b"
version = "0.1.0"
dependencies = [
 "rand 0.7.2 (git+https://github.com/rust-random/rand?rev=5b0d87436999c3d930e17f9f10bdb68cd0aa38df)",
]

[[package]]
name = "crate-c"
version = "0.1.0"
dependencies = [
 "rand 0.7.0-pre.1 (git+https://github.com/rust-random/rand?rev=703452450770d4b2bb0b117dfc83aea5ba61ec60)",
]

[[package]]
name = "getrandom"
version = "0.1.13"
source = "registry+https://github.com/rust-lang/crates.io-index"
dependencies = [
 "cfg-if 0.1.10 (registry+https://github.com/rust-lang/crates.io-index)",
 "libc 0.2.66 (registry+https://github.com/rust-lang/crates.io-index)",
 "wasi 0.7.0 (registry+https://github.com/rust-lang/crates.io-index)",
]

[[package]]
name = "libc"
version = "0.2.66"
source = "registry+https://github.com/rust-lang/crates.io-index"

[[package]]
name = "ppv-lite86"
version = "0.2.6"
source = "registry+https://github.com/rust-lang/crates.io-index"

[[package]]
name = "rand"
version = "0.7.0-pre.1"
source = "git+https://github.com/rust-random/rand?rev=703452450770d4b2bb0b117dfc83aea5ba61ec60#703452450770d4b2bb0b117dfc83aea5ba61ec60"
dependencies = [
 "getrandom 0.1.13 (registry+https://github.com/rust-lang/crates.io-index)",
 "libc 0.2.66 (registry+https://github.com/rust-lang/crates.io-index)",
 "rand_chacha 0.2.0 (git+https://github.com/rust-random/rand?rev=703452450770d4b2bb0b117dfc83aea5ba61ec60)",
 "rand_core 0.5.0 (git+https://github.com/rust-random/rand?rev=703452450770d4b2bb0b117dfc83aea5ba61ec60)",
 "rand_hc 0.2.0 (git+https://github.com/rust-random/rand?rev=703452450770d4b2bb0b117dfc83aea5ba61ec60)",
]

[[package]]
name = "rand"
version = "0.7.2"
source = "git+https://github.com/rust-random/rand?rev=5b0d87436999c3d930e17f9f10bdb68cd0aa38df#5b0d87436999c3d930e17f9f10bdb68cd0aa38df"
dependencies = [
 "getrandom 0.1.13 (registry+https://github.com/rust-lang/crates.io-index)",
 "libc 0.2.66 (registry+https://github.com/rust-lang/crates.io-index)",
 "rand_chacha 0.2.1 (git+https://github.com/rust-random/rand?rev=5b0d87436999c3d930e17f9f10bdb68cd0aa38df)",
 "rand_core 0.5.1 (git+https://github.com/rust-random/rand?rev=5b0d87436999c3d930e17f9f10bdb68cd0aa38df)",
 "rand_hc 0.2.0 (git+https://github.com/rust-random/rand?rev=5b0d87436999c3d930e17f9f10bdb68cd0aa38df)",
]

[[package]]
name = "rand_chacha"
version = "0.2.0"
source = "git+https://github.com/rust-random/rand?rev=703452450770d4b2bb0b117dfc83aea5ba61ec60#703452450770d4b2bb0b117dfc83aea5ba61ec60"
dependencies = [
 "c2-chacha 0.2.3 (registry+https://github.com/rust-lang/crates.io-index)",
 "rand_core 0.5.0 (git+https://github.com/rust-random/rand?rev=703452450770d4b2bb0b117dfc83aea5ba61ec60)",
]

[[package]]
name = "rand_chacha"
version = "0.2.1"
source = "git+https://github.com/rust-random/rand?rev=5b0d87436999c3d930e17f9f10bdb68cd0aa38df#5b0d87436999c3d930e17f9f10bdb68cd0aa38df"
dependencies = [
 "c2-chacha 0.2.3 (registry+https://github.com/rust-lang/crates.io-index)",
 "rand_core 0.5.1 (git+https://github.com/rust-random/rand?rev=5b0d87436999c3d930e17f9f10bdb68cd0aa38df)",
]

[[package]]
name = "rand_core"
version = "0.5.0"
source = "git+https://github.com/rust-random/rand?rev=703452450770d4b2bb0b117dfc83aea5ba61ec60#703452450770d4b2bb0b117dfc83aea5ba61ec60"
dependencies = [
 "getrandom 0.1.13 (registry+https://github.com/rust-lang/crates.io-index)",
]

[[package]]
name = "rand_core"
version = "0.5.1"
source = "git+https://github.com/rust-random/rand?rev=5b0d87436999c3d930e17f9f10bdb68cd0aa38df#5b0d87436999c3d930e17f9f10bdb68cd0aa38df"
dependencies = [
 "getrandom 0.1.13 (registry+https://github.com/rust-lang/crates.io-index)",
]

[[package]]
name = "rand_hc"
version = "0.2.0"
source = "git+https://github.com/rust-random/rand?rev=5b0d87436999c3d930e17f9f10bdb68cd0aa38df#5b0d87436999c3d930e17f9f10bdb68cd0aa38df"
dependencies = [
 "rand_core 0.5.1 (git+https://github.com/rust-random/rand?rev=5b0d87436999c3d930e17f9f10bdb68cd0aa38df)",
]

[[package]]
name = "rand_hc"
version = "0.2.0"
source = "git+https://github.com/rust-random/rand?rev=703452450770d4b2bb0b117dfc83aea5ba61ec60#703452450770d4b2bb0b117dfc83aea5ba61ec60"
dependencies = [
 "rand_core 0.5.0 (git+https://github.com/rust-random/rand?rev=703452450770d4b2bb0b117dfc83aea5ba61ec60)",
]

[[package]]
name = "wasi"
version = "0.7.0"
source = "registry+https://github.com/rust-lang/crates.io-index"

[metadata]
"checksum c2-chacha 0.2.3 (registry+https://github.com/rust-lang/crates.io-index)" = "214238caa1bf3a496ec3392968969cab8549f96ff30652c9e56885329315f6bb"
"checksum cfg-if 0.1.10 (registry+https://github.com/rust-lang/crates.io-index)" = "4785bdd1c96b2a846b2bd7cc02e86b6b3dbf14e7e53446c4f54c92a361040822"
"checksum getrandom 0.1.13 (registry+https://github.com/rust-lang/crates.io-index)" = "e7db7ca94ed4cd01190ceee0d8a8052f08a247aa1b469a7f68c6a3b71afcf407"
"checksum libc 0.2.66 (registry+https://github.com/rust-lang/crates.io-index)" = "d515b1f41455adea1313a4a2ac8a8a477634fbae63cc6100e3aebb207ce61558"
"checksum ppv-lite86 0.2.6 (registry+https://github.com/rust-lang/crates.io-index)" = "74490b50b9fbe561ac330df47c08f3f33073d2d00c150f719147d7c54522fa1b"
"checksum rand 0.7.0-pre.1 (git+https://github.com/rust-random/rand?rev=703452450770d4b2bb0b117dfc83aea5ba61ec60)" = "<none>"
"checksum rand 0.7.2 (git+https://github.com/rust-random/rand?rev=5b0d87436999c3d930e17f9f10bdb68cd0aa38df)" = "<none>"
"checksum rand_chacha 0.2.0 (git+https://github.com/rust-random/rand?rev=703452450770d4b2bb0b117dfc83aea5ba61ec60)" = "<none>"
"checksum rand_chacha 0.2.1 (git+https://github.com/rust-random/rand?rev=5b0d87436999c3d930e17f9f10bdb68cd0aa38df)" = "<none>"
"checksum rand_core 0.5.0 (git+https://github.com/rust-random/rand?rev=703452450770d4b2bb0b117dfc83aea5ba61ec60)" = "<none>"
"checksum rand_core 0.5.1 (git+https://github.com/rust-random/rand?rev=5b0d87436999c3d930e17f9f10bdb68cd0aa38df)" = "<none>"
"checksum rand_hc 0.2.0 (git+https://github.com/rust-random/rand?rev=5b0d87436999c3d930e17f9f10bdb68cd0aa38df)" = "<none>"
"checksum rand_hc 0.2.0 (git+https://github.com/rust-random/rand?rev=703452450770d4b2bb0b117dfc83aea5ba61ec60)" = "<none>"
"checksum wasi 0.7.0 (registry+https://github.com/rust-lang/crates.io-index)" = "b89c3ce4ce14bdc6fb6beaf9ec7928ca331de5df7e5ea278375642a2f478570d"
